
Microsoft Visual Studio Solution File, Format Version 12.00
# Visual Studio Version 16
VisualStudioVersion = 16.0.29025.244
MinimumVisualStudioVersion = 10.0.40219.1
Project("{FAE04EC0-301F-11D3-BF4B-00C04F79EFBC}") = "Nager.AmazonProductAdvertising.Website", "Nager.AmazonProductAdvertising.Website\Nager.AmazonProductAdvertising.Website.csproj", "{B614D94D-6F56-4276-8D9C-270BD46387B1}"
EndProject
Project("{9A19103F-16F7-4668-BE54-9A1E7A4F7556}") = "Nager.AmazonProductAdvertising", "Nager.AmazonProductAdvertising\Nager.AmazonProductAdvertising.csproj", "{C07B7E25-C750-4340-8F56-C2992118AB78}"
EndProject
Project("{FAE04EC0-301F-11D3-BF4B-00C04F79EFBC}") = "Nager.AmazonProductAdvertising.UnitTest", "Nager.AmazonProductAdvertising.UnitTest\Nager.AmazonProductAdvertising.UnitTest.csproj", "{07A99059-31B3-4A9D-8988-FC9DA701FB8C}"
EndProject
Global
	GlobalSection(SolutionConfigurationPlatforms) = preSolution
		Debug|Any CPU = Debug|Any CPU
		Release|Any CPU = Release|Any CPU
	EndGlobalSection
	GlobalSection(ProjectConfigurationPlatforms) = postSolution
		{B614D94D-6F56-4276-8D9C-270BD46387B1}.Debug|Any CPU.ActiveCfg = Debug|Any CPU
		{B614D94D-6F56-4276-8D9C-270BD46387B1}.Debug|Any CPU.Build.0 = Debug|Any CPU
		{B614D94D-6F56-4276-8D9C-270BD46387B1}.Release|Any CPU.ActiveCfg = Release|Any CPU
		{B614D94D-6F56-4276-8D9C-270BD46387B1}.Release|Any CPU.Build.0 = Release|Any CPU
		{C07B7E25-C750-4340-8F56-C2992118AB78}.Debug|Any CPU.ActiveCfg = Debug|Any CPU
		{C07B7E25-C750-4340-8F56-C2992118AB78}.Debug|Any CPU.Build.0 = Debug|Any CPU
		{C07B7E25-C750-4340-8F56-C2992118AB78}.Release|Any CPU.ActiveCfg = Release|Any CPU
		{C07B7E25-C750-4340-8F56-C2992118AB78}.Release|Any CPU.Build.0 = Release|Any CPU
		{07A99059-31B3-4A9D-8988-FC9DA701FB8C}.Debug|Any CPU.ActiveCfg = Debug|Any CPU
		{07A99059-31B3-4A9D-8988-FC9DA701FB8C}.Debug|Any CPU.Build.0 = Debug|Any CPU
		{07A99059-31B3-4A9D-8988-FC9DA701FB8C}.Release|Any CPU.ActiveCfg = Release|Any CPU
		{07A99059-31B3-4A9D-8988-FC9DA701FB8C}.Release|Any CPU.Build.0 = Release|Any CPU
	EndGlobalSection
	GlobalSection(SolutionProperties) = preSolution
		HideSolutionNode = FALSE
	EndGlobalSection
	GlobalSection(ExtensibilityGlobals) = postSolution
		SolutionGuid = {95840452-2201-4E09-BBF3-C93442DA83F3}
	EndGlobalSection
EndGlobal
